Microsoft Visual Studio Solution File, Format Version 10.00
# Visual Studio 2008
Project("{E24C65DC-7377-472B-9ABA-BC803B73C61A}") = "Sources", "Sources\", "{06C2EB38-E42B-4E09-8018-10C461B85F39}"
	ProjectSection(WebsiteProperties) = preProject
		TargetFramework = "3.5"
		Debug.AspNetCompiler.VirtualPath = "/PrecompiledWeb"
		Debug.AspNetCompiler.PhysicalPath = "Sources\"
		Debug.AspNetCompiler.TargetPath = "PrecompiledWeb\"
		Debug.AspNetCompiler.Updateable = "true"
		Debug.AspNetCompiler.ForceOverwrite = "true"
		Debug.AspNetCompiler.KeyFile = "Sources\Polytech.snk"
		Debug.AspNetCompiler.DelaySign = "false"
		Debug.AspNetCompiler.AllowPartiallyTrustedCallers = "false"
		Debug.AspNetCompiler.FixedNames = "false"
		Debug.AspNetCompiler.Debug = "True"
		Release.AspNetCompiler.VirtualPath = "/PrecompiledWeb"
		Release.AspNetCompiler.PhysicalPath = "Sources\"
		Release.AspNetCompiler.TargetPath = "PrecompiledWeb\"
		Release.AspNetCompiler.Updateable = "true"
		Release.AspNetCompiler.ForceOverwrite = "true"
		Release.AspNetCompiler.KeyFile = "Sources\Polytech.snk"
		Release.AspNetCompiler.DelaySign = "false"
		Release.AspNetCompiler.AllowPartiallyTrustedCallers = "false"
		Release.AspNetCompiler.FixedNames = "false"
		Release.AspNetCompiler.Debug = "False"
		VWDPort = "8001"
		DefaultWebSiteLanguage = "Visual C#"
	EndProjectSection
EndProject
Global
	GlobalSection(SolutionConfigurationPlatforms) = preSolution
		Debug|Any CPU = Debug|Any CPU
	EndGlobalSection
	GlobalSection(ProjectConfigurationPlatforms) = postSolution
		{06C2EB38-E42B-4E09-8018-10C461B85F39}.Debug|Any CPU.ActiveCfg = Debug|Any CPU
		{06C2EB38-E42B-4E09-8018-10C461B85F39}.Debug|Any CPU.Build.0 = Debug|Any CPU
	EndGlobalSection
	GlobalSection(SolutionProperties) = preSolution
		HideSolutionNode = FALSE
	EndGlobalSection
EndGlobal
